<Solution>
  <Project Path="UniHumanoid.csproj" />
  <Project Path="UniGLTF.Editor.csproj" />
  <Project Path="UniGLTF.csproj" />
  <Project Path="Assembly-CSharp.csproj" />
  <Project Path="SpringBoneJobs.csproj" />
  <Project Path="UniGLTF.Tests.csproj" />
  <Project Path="UniGLTF.Utils.csproj" />
  <Project Path="UniHumanoid.Editor.csproj" />
  <Project Path="UniGLTF.UniUnlit.csproj" />
  <Project Path="UniGLTF.UniUnlit.Editor.csproj" />
  <Project Path="UniHumanoid.Editor.Tests.csproj" />
</Solution>
